{
  "name": "solvejs-monorepo",
  "version": "0.0.0",
  "lockfileVersion": 3,
  "requires": true,
  "packages": {
    "": {
      "name": "solvejs-monorepo",
      "version": "0.0.0",
      "license": "MIT",
      "workspaces": [
        "packages/*"
      ],
      "devDependencies": {
        "typescript": "^5.9.2"
      }
    },
    "node_modules/@jdsalasc/solvejs": {
      "resolved": "packages/solvejs",
      "link": true
    },
    "node_modules/@jdsalasc/solvejs-constants": {
      "resolved": "packages/solvejs-constants",
      "link": true
    },
    "node_modules/@jdsalasc/solvejs-date": {
      "resolved": "packages/solvejs-date",
      "link": true
    },
    "node_modules/@jdsalasc/solvejs-list": {
      "resolved": "packages/solvejs-list",
      "link": true
    },
    "node_modules/@jdsalasc/solvejs-numbers": {
      "resolved": "packages/solvejs-numbers",
      "link": true
    },
    "node_modules/@jdsalasc/solvejs-objects": {
      "resolved": "packages/solvejs-objects",
      "link": true
    },
    "node_modules/@jdsalasc/solvejs-regex": {
      "resolved": "packages/solvejs-regex",
      "link": true
    },
    "node_modules/@jdsalasc/solvejs-string": {
      "resolved": "packages/solvejs-string",
      "link": true
    },
    "node_modules/@jdsalasc/solvejs-validators": {
      "resolved": "packages/solvejs-validators",
      "link": true
    },
    "node_modules/typescript": {
      "version": "5.9.3",
      "resolved": "https://registry.npmjs.org/typescript/-/typescript-5.9.3.tgz",
      "integrity": "sha512-jl1vZzPDinLr9eUt3J/t7V6FgNEw9QjvBPdysz9KfQDD41fQrC2Y4vKQdiaUpFT4bXlb1RHhLpp8wtm6M5TgSw==",
      "dev": true,
      "license": "Apache-2.0",
      "bin": {
        "tsc": "bin/tsc",
        "tsserver": "bin/tsserver"
      },
      "engines": {
        "node": ">=14.17"
      }
    },
    "packages/solvejs": {
      "name": "@jdsalasc/solvejs",
      "version": "1.4.0",
      "license": "MIT",
      "dependencies": {
        "@jdsalasc/solvejs-constants": "1.4.0",
        "@jdsalasc/solvejs-date": "1.4.0",
        "@jdsalasc/solvejs-list": "1.4.0",
        "@jdsalasc/solvejs-numbers": "1.4.0",
        "@jdsalasc/solvejs-objects": "1.4.0",
        "@jdsalasc/solvejs-regex": "1.4.0",
        "@jdsalasc/solvejs-string": "1.4.0",
        "@jdsalasc/solvejs-validators": "1.4.0"
      },
      "engines": {
        "node": ">=18"
      }
    },
    "packages/solvejs-constants": {
      "name": "@jdsalasc/solvejs-constants",
      "version": "1.4.0",
      "license": "MIT",
      "engines": {
        "node": ">=18"
      }
    },
    "packages/solvejs-date": {
      "name": "@jdsalasc/solvejs-date",
      "version": "1.4.0",
      "license": "MIT",
      "engines": {
        "node": ">=18"
      }
    },
    "packages/solvejs-list": {
      "name": "@jdsalasc/solvejs-list",
      "version": "1.4.0",
      "license": "MIT",
      "engines": {
        "node": ">=18"
      }
    },
    "packages/solvejs-numbers": {
      "name": "@jdsalasc/solvejs-numbers",
      "version": "1.4.0",
      "license": "MIT",
      "engines": {
        "node": ">=18"
      }
    },
    "packages/solvejs-objects": {
      "name": "@jdsalasc/solvejs-objects",
      "version": "1.4.0",
      "license": "MIT",
      "engines": {
        "node": ">=18"
      }
    },
    "packages/solvejs-regex": {
      "name": "@jdsalasc/solvejs-regex",
      "version": "1.4.0",
      "license": "MIT",
      "engines": {
        "node": ">=18"
      }
    },
    "packages/solvejs-string": {
      "name": "@jdsalasc/solvejs-string",
      "version": "1.4.0",
      "license": "MIT",
      "engines": {
        "node": ">=18"
      }
    },
    "packages/solvejs-validators": {
      "name": "@jdsalasc/solvejs-validators",
      "version": "1.4.0",
      "license": "MIT",
      "engines": {
        "node": ">=18"
      }
    }
  }
}
